PODS:
  - ChameleonFramework (2.1.0):
    - ChameleonFramework/Default (= 2.1.0)
  - ChameleonFramework/Default (2.1.0)

DEPENDENCIES:
  - ChameleonFramework

SPEC REPOS:
  https://github.com/cocoapods/specs.git:
    - ChameleonFramework

SPEC CHECKSUMS:
  ChameleonFramework: d21a3cc247abfe5e37609a283a8238b03575cf64

PODFILE CHECKSUM: ae9d7b316bd242ce644e7263d3f97cd4ef94d3a0

COCOAPODS: 1.5.3
